
Microsoft Visual Studio Solution File, Format Version 12.00
# Visual Studio 15
VisualStudioVersion = 15.0.27130.2027
MinimumVisualStudioVersion = 10.0.40219.1
Project("{FAE04EC0-301F-11D3-BF4B-00C04F79EFBC}") = "Send", "Send\Send.csproj", "{03C19F0C-B60F-4897-84E7-D89700E035A7}"
EndProject
Global
	GlobalSection(SolutionConfigurationPlatforms) = preSolution
		Debug|Any CPU = Debug|Any CPU
		Release|Any CPU = Release|Any CPU
	EndGlobalSection
	GlobalSection(ProjectConfigurationPlatforms) = postSolution
		{03C19F0C-B60F-4897-84E7-D89700E035A7}.Debug|Any CPU.ActiveCfg = Debug|Any CPU
		{03C19F0C-B60F-4897-84E7-D89700E035A7}.Debug|Any CPU.Build.0 = Debug|Any CPU
		{03C19F0C-B60F-4897-84E7-D89700E035A7}.Release|Any CPU.ActiveCfg = Release|Any CPU
		{03C19F0C-B60F-4897-84E7-D89700E035A7}.Release|Any CPU.Build.0 = Release|Any CPU
	EndGlobalSection
	GlobalSection(SolutionProperties) = preSolution
		HideSolutionNode = FALSE
	EndGlobalSection
	GlobalSection(ExtensibilityGlobals) = postSolution
		SolutionGuid = {6254677C-91CE-4EF9-9B99-BDDB0FF584BE}
	EndGlobalSection
EndGlobal
